
Microsoft Visual Studio Solution File, Format Version 12.00
# Visual Studio Version 17
VisualStudioVersion = 17.9.34728.123
MinimumVisualStudioVersion = 10.0.40219.1
Project("{888888A0-9F3D-457C-B088-3A5042F75D52}") = "Educator-Batch-Compilation-and-Feedback-Platform", "Educator-Batch-Compilation-and-Feedback-Platform.pyproj", "{97AEDC79-22EF-4074-81BA-C0D068F7F53C}"
EndProject
Global
	GlobalSection(SolutionConfigurationPlatforms) = preSolution
		Debug|Any CPU = Debug|Any CPU
		Release|Any CPU = Release|Any CPU
	EndGlobalSection
	GlobalSection(ProjectConfigurationPlatforms) = postSolution
		{97AEDC79-22EF-4074-81BA-C0D068F7F53C}.Debug|Any CPU.ActiveCfg = Debug|Any CPU
		{97AEDC79-22EF-4074-81BA-C0D068F7F53C}.Release|Any CPU.ActiveCfg = Release|Any CPU
	EndGlobalSection
	GlobalSection(SolutionProperties) = preSolution
		HideSolutionNode = FALSE
	EndGlobalSection
	GlobalSection(ExtensibilityGlobals) = postSolution
		SolutionGuid = {447EDC10-3BB5-4587-9798-208C082B6B55}
	EndGlobalSection
EndGlobal
